PODS:
  - Anchorage (4.3)
  - UNUMCanvas (2.1.7):
    - Anchorage (= 4.3.0)

DEPENDENCIES:
  - Anchorage
  - UNUMCanvas (from `../`)

SPEC REPOS:
  https://github.com/cocoapods/specs.git:
    - Anchorage

EXTERNAL SOURCES:
  UNUMCanvas:
    :path: "../"

SPEC CHECKSUMS:
  Anchorage: 21a98675245188427f0bcea21404d42a824a766f
  UNUMCanvas: b2f84e3c7fceb2d1ca78518aac8ae34254218f50

PODFILE CHECKSUM: 1f8ab7093a7b85f96cfab8966b0d833dfb39b221

COCOAPODS: 1.5.3
